
Microsoft Visual Studio Solution File, Format Version 12.00
# Visual Studio Version 16
VisualStudioVersion = 16.0.30803.129
MinimumVisualStudioVersion = 10.0.40219.1
Project("{FAE04EC0-301F-11D3-BF4B-00C04F79EFBC}") = "HelloWorld", "HelloWorld\HelloWorld.csproj", "{352D79B4-148E-4089-8281-141F856F2571}"
EndProject
Project("{FAE04EC0-301F-11D3-BF4B-00C04F79EFBC}") = "UnitTestProject1", "UnitTestProject1\UnitTestProject1.csproj", "{7D2F2185-B108-4F3F-86FA-41B994DD4841}"
EndProject
Project("{FAE04EC0-301F-11D3-BF4B-00C04F79EFBC}") = "NUnitTestProject1", "NUnitTestProject1\NUnitTestProject1.csproj", "{0695CC20-443E-45A7-8067-70D834A76230}"
EndProject
Global
	GlobalSection(SolutionConfigurationPlatforms) = preSolution
		Debug|Any CPU = Debug|Any CPU
		Release|Any CPU = Release|Any CPU
	EndGlobalSection
	GlobalSection(ProjectConfigurationPlatforms) = postSolution
		{352D79B4-148E-4089-8281-141F856F2571}.Debug|Any CPU.ActiveCfg = Debug|Any CPU
		{352D79B4-148E-4089-8281-141F856F2571}.Debug|Any CPU.Build.0 = Debug|Any CPU
		{352D79B4-148E-4089-8281-141F856F2571}.Release|Any CPU.ActiveCfg = Release|Any CPU
		{352D79B4-148E-4089-8281-141F856F2571}.Release|Any CPU.Build.0 = Release|Any CPU
		{7D2F2185-B108-4F3F-86FA-41B994DD4841}.Debug|Any CPU.ActiveCfg = Debug|Any CPU
		{7D2F2185-B108-4F3F-86FA-41B994DD4841}.Debug|Any CPU.Build.0 = Debug|Any CPU
		{7D2F2185-B108-4F3F-86FA-41B994DD4841}.Release|Any CPU.ActiveCfg = Release|Any CPU
		{7D2F2185-B108-4F3F-86FA-41B994DD4841}.Release|Any CPU.Build.0 = Release|Any CPU
		{0695CC20-443E-45A7-8067-70D834A76230}.Debug|Any CPU.ActiveCfg = Debug|Any CPU
		{0695CC20-443E-45A7-8067-70D834A76230}.Debug|Any CPU.Build.0 = Debug|Any CPU
		{0695CC20-443E-45A7-8067-70D834A76230}.Release|Any CPU.ActiveCfg = Release|Any CPU
		{0695CC20-443E-45A7-8067-70D834A76230}.Release|Any CPU.Build.0 = Release|Any CPU
	EndGlobalSection
	GlobalSection(SolutionProperties) = preSolution
		HideSolutionNode = FALSE
	EndGlobalSection
	GlobalSection(ExtensibilityGlobals) = postSolution
		SolutionGuid = {AF96DBF5-4289-474F-883B-898CE30C1E73}
	EndGlobalSection
EndGlobal
